
Microsoft Visual Studio Solution File, Format Version 12.00
# Visual Studio Version 16
VisualStudioVersion = 16.0.29123.88
MinimumVisualStudioVersion = 10.0.40219.1
Project("{888888A0-9F3D-457C-B088-3A5042F75D52}") = "renamer", "renamer\renamer.pyproj", "{E0B2CE2F-2517-4D41-9940-F4BED13C6E0A}"
EndProject
Global
	GlobalSection(SolutionConfigurationPlatforms) = preSolution
		Debug|Any CPU = Debug|Any CPU
		Release|Any CPU = Release|Any CPU
	EndGlobalSection
	GlobalSection(ProjectConfigurationPlatforms) = postSolution
		{E0B2CE2F-2517-4D41-9940-F4BED13C6E0A}.Debug|Any CPU.ActiveCfg = Debug|Any CPU
		{E0B2CE2F-2517-4D41-9940-F4BED13C6E0A}.Release|Any CPU.ActiveCfg = Release|Any CPU
	EndGlobalSection
	GlobalSection(SolutionProperties) = preSolution
		HideSolutionNode = FALSE
	EndGlobalSection
	GlobalSection(ExtensibilityGlobals) = postSolution
		SolutionGuid = {CE5D4E5B-A271-4287-A3A8-F4862E753154}
	EndGlobalSection
EndGlobal
